
Microsoft Visual Studio Solution File, Format Version 12.00
# Visual Studio Version 17
VisualStudioVersion = 17.14.36127.28
MinimumVisualStudioVersion = 10.0.40219.1
Project("{FAE04EC0-301F-11D3-BF4B-00C04F79EFBC}") = "Arac_Kullanimlari", "Arac_Kullanimlari\Arac_Kullanimlari.csproj", "{4A063CF6-2569-40E2-8C4D-5C198B6AB09A}"
EndProject
Project("{FAE04EC0-301F-11D3-BF4B-00C04F79EFBC}") = "Arac_Kullanimi_Odev", "Arac_Kullanimi_Odev\Arac_Kullanimi_Odev.csproj", "{2F2707E8-4FB8-4BED-B535-D5BB7AA3D7E8}"
EndProject
Project("{FAE04EC0-301F-11D3-BF4B-00C04F79EFBC}") = "ComboBox_ListBox", "ComboBox_ListBox\ComboBox_ListBox.csproj", "{8F4B9CB6-DC93-4B1E-A421-59B5CEC1982E}"
EndProject
Project("{FAE04EC0-301F-11D3-BF4B-00C04F79EFBC}") = "ComboBox_ListBox_Odev", "ComboBox_ListBox_Odev\ComboBox_ListBox_Odev.csproj", "{64CEDC01-DAD8-4655-9C73-634FF4BCA315}"
EndProject
Project("{FAE04EC0-301F-11D3-BF4B-00C04F79EFBC}") = "7.Video", "7.Video\7.Video.csproj", "{1ACEB3FA-8D17-4115-8FB3-F2B57628C67B}"
EndProject
Project("{FAE04EC0-301F-11D3-BF4B-00C04F79EFBC}") = "8.Video", "8.Video\8.Video.csproj", "{1253A25C-E450-462A-AA62-C31EDFDF17C8}"
EndProject
Project("{FAE04EC0-301F-11D3-BF4B-00C04F79EFBC}") = "9.Video_LoginGirisPaneli", "9.Video\9.Video_LoginGirisPaneli.csproj", "{B1078D9E-9229-4B85-8395-728338AC4F15}"
EndProject
Project("{FAE04EC0-301F-11D3-BF4B-00C04F79EFBC}") = "10.Video_BiletRezervasyon", "10.Video\10.Video_BiletRezervasyon.csproj", "{6B932D9E-EB9B-4715-AC47-F58C19CA9A28}"
EndProject
Project("{FAE04EC0-301F-11D3-BF4B-00C04F79EFBC}") = "Degiskenler_String", "Degiskenler_String\Degiskenler_String.csproj", "{D1101BB7-FC91-4560-B776-154D6393BC51}"
EndProject
Project("{FAE04EC0-301F-11D3-BF4B-00C04F79EFBC}") = "Degiskenler_Int", "Degiskenler_Int\Degiskenler_Int.csproj", "{14C4CD30-3DD5-4E34-8052-396AB94E1335}"
EndProject
Project("{FAE04EC0-301F-11D3-BF4B-00C04F79EFBC}") = "13.Video_Odev", "13.Video_Odev\13.Video_Odev.csproj", "{C08C0E5D-9322-4E9F-BCEE-7AF8F3B64780}"
EndProject
Project("{FAE04EC0-301F-11D3-BF4B-00C04F79EFBC}") = "14.Video", "14.Video\14.Video.csproj", "{7CAE7CDE-ED58-465A-9F98-11E0ACB534A3}"
EndProject
Project("{FAE04EC0-301F-11D3-BF4B-00C04F79EFBC}") = "Degiskenlerde_4_İslem", "Degiskenlerde_4_İslem\Degiskenlerde_4_İslem.csproj", "{98CDC6E3-573F-44F2-B20B-F9A3B94DD8B3}"
EndProject
Project("{FAE04EC0-301F-11D3-BF4B-00C04F79EFBC}") = "15. Double_Degiskenler", "15. Double_Degiskenler\15. Double_Degiskenler.csproj", "{CBDC101A-69AD-44E2-A4A8-DBC10D9F0794}"
EndProject
Project("{FAE04EC0-301F-11D3-BF4B-00C04F79EFBC}") = "17.OgrenciSinavUygulamasi", "17.OgrenciSinavUygulamasi\17.OgrenciSinavUygulamasi.csproj", "{16406DF0-5282-43AF-9E77-8E17820AE85E}"
EndProject
Project("{FAE04EC0-301F-11D3-BF4B-00C04F79EFBC}") = "18.Video_ Char", "18.Video_ Char\18.Video_ Char.csproj", "{09F0B7AA-2846-4928-BDBF-925B678C03F1}"
EndProject
Project("{FAE04EC0-301F-11D3-BF4B-00C04F79EFBC}") = "19.Vide_SinemaBufeSatis", "19.Vide_SinemaBufeSatis\19.Vide_SinemaBufeSatis.csproj", "{695B92F2-445E-42A4-8223-DEA45AE89E73}"
EndProject
Project("{FAE04EC0-301F-11D3-BF4B-00C04F79EFBC}") = "19.Video_Odev", "19.Video_Odev\19.Video_Odev.csproj", "{0C84D232-B423-48EC-8D5E-B471F313058D}"
EndProject
Project("{FAE04EC0-301F-11D3-BF4B-00C04F79EFBC}") = "21.Video_Karar_Yapilari", "21.Video_Karar_Yapilari\21.Video_Karar_Yapilari.csproj", "{C3607CAD-2A82-48B2-AD66-E627C073235E}"
EndProject
Project("{FAE04EC0-301F-11D3-BF4B-00C04F79EFBC}") = "22.Video", "22.Video\22.Video.csproj", "{481C1CAF-E6E0-4A3D-BE25-319939C77039}"
EndProject
Project("{FAE04EC0-301F-11D3-BF4B-00C04F79EFBC}") = "23.Video", "23.Video\23.Video.csproj", "{98A7A075-FBDE-484A-B86B-CC8AC530D6DE}"
EndProject
Project("{FAE04EC0-301F-11D3-BF4B-00C04F79EFBC}") = "24.Video", "24.Video\24.Video.csproj", "{97BDC701-CA6C-4FF9-9279-1C44FBAD9B29}"
EndProject
Project("{FAE04EC0-301F-11D3-BF4B-00C04F79EFBC}") = "24.Video_Odev", "24.Video_Odev\24.Video_Odev.csproj", "{C50F3DE3-2675-43E8-8606-7E3199B96DEF}"
EndProject
Project("{FAE04EC0-301F-11D3-BF4B-00C04F79EFBC}") = "25.Video_Bilgi_Yarismasi", "25.Video_Bilgi_Yarismasi\25.Video_Bilgi_Yarismasi.csproj", "{B561FE70-B939-42E2-8449-40FAF22B7EAC}"
EndProject
Project("{FAE04EC0-301F-11D3-BF4B-00C04F79EFBC}") = "28.Video_Donguler", "28.Video_Donguler\28.Video_Donguler.csproj", "{67177C87-95AD-4FFC-B767-6D91524298C0}"
EndProject
Project("{FAE04EC0-301F-11D3-BF4B-00C04F79EFBC}") = "30.Video", "30.Video\30.Video.csproj", "{B09432C6-A631-4A50-9870-70847D07DDEF}"
EndProject
Project("{FAE04EC0-301F-11D3-BF4B-00C04F79EFBC}") = "31.Video", "31.Video\31.Video.csproj", "{DFF560CF-EDCD-48DE-AC22-3BFAAC03171D}"
EndProject
Project("{FAE04EC0-301F-11D3-BF4B-00C04F79EFBC}") = "32.Video", "32.Video\32.Video.csproj", "{C4642D42-1FF9-4432-A5FD-C6C7E90F41A1}"
EndProject
Project("{FAE04EC0-301F-11D3-BF4B-00C04F79EFBC}") = "33.Video", "33.Video\33.Video.csproj", "{2F1DC66B-CC97-42A4-BC0F-6DAE1CC9F234}"
EndProject
Project("{FAE04EC0-301F-11D3-BF4B-00C04F79EFBC}") = "34.Video_Timer", "34.Video_Timer\34.Video_Timer.csproj", "{26077C41-81F7-4671-8DCA-3D73ED9D2497}"
EndProject
Project("{FAE04EC0-301F-11D3-BF4B-00C04F79EFBC}") = "34.Video_Odev", "34.Video_Odev\34.Video_Odev.csproj", "{4376E38F-F1BB-4D1A-B922-B5BB5858A7E0}"
EndProject
Project("{FAE04EC0-301F-11D3-BF4B-00C04F79EFBC}") = "35.Video", "35.Video\35.Video.csproj", "{DBB85528-7BB0-4E5A-8439-600CE512EE36}"
EndProject
Project("{FAE04EC0-301F-11D3-BF4B-00C04F79EFBC}") = "36.Vide", "36.Vide\36.Vide.csproj", "{DA14466A-A0E4-4A2D-92A6-3FF88806C375}"
EndProject
Project("{FAE04EC0-301F-11D3-BF4B-00C04F79EFBC}") = "37.Video", "37.Video\37.Video.csproj", "{AEDB33F7-3D9B-4E0F-8667-E5FB5F9B7115}"
EndProject
Project("{FAE04EC0-301F-11D3-BF4B-00C04F79EFBC}") = "Diziler", "Diziler\Diziler.csproj", "{989CBAF2-A43A-4A38-82A3-6E0EB91066AF}"
EndProject
Project("{FAE04EC0-301F-11D3-BF4B-00C04F79EFBC}") = "40.Video", "40.Video\40.Video.csproj", "{16FEB4F7-63A9-49F5-9D2A-3A0C3DE194FD}"
EndProject
Project("{FAE04EC0-301F-11D3-BF4B-00C04F79EFBC}") = "41.Video", "41.Video\41.Video.csproj", "{7ED4E62A-786E-49C7-B171-F2F8CC477588}"
EndProject
Project("{FAE04EC0-301F-11D3-BF4B-00C04F79EFBC}") = "43.Video", "43.Video\43.Video.csproj", "{D343B592-2667-4007-9085-6C05D6FEBD6F}"
EndProject
Project("{FAE04EC0-301F-11D3-BF4B-00C04F79EFBC}") = "44.Video_Odev", "44.Video_Odev\44.Video_Odev.csproj", "{05412233-C725-46C5-8E99-AB3C510DBFE7}"
EndProject
Project("{FAE04EC0-301F-11D3-BF4B-00C04F79EFBC}") = "45.Video", "45.Video\45.Video.csproj", "{734B3F00-6C93-4A2E-B336-1C18A1928CFF}"
EndProject
Project("{FAE04EC0-301F-11D3-BF4B-00C04F79EFBC}") = "45.Video_Odev", "45.Video_Odev\45.Video_Odev.csproj", "{149A2DFB-F093-4567-8102-85AD76214749}"
EndProject
Project("{FAE04EC0-301F-11D3-BF4B-00C04F79EFBC}") = "47.Video", "47.Video\47.Video.csproj", "{C67BD561-8653-49B4-BA3A-3D9D47652E85}"
EndProject
Global
	GlobalSection(SolutionConfigurationPlatforms) = preSolution
		Debug|Any CPU = Debug|Any CPU
		Release|Any CPU = Release|Any CPU
	EndGlobalSection
	GlobalSection(ProjectConfigurationPlatforms) = postSolution
		{4A063CF6-2569-40E2-8C4D-5C198B6AB09A}.Debug|Any CPU.ActiveCfg = Debug|Any CPU
		{4A063CF6-2569-40E2-8C4D-5C198B6AB09A}.Debug|Any CPU.Build.0 = Debug|Any CPU
		{4A063CF6-2569-40E2-8C4D-5C198B6AB09A}.Release|Any CPU.ActiveCfg = Release|Any CPU
		{4A063CF6-2569-40E2-8C4D-5C198B6AB09A}.Release|Any CPU.Build.0 = Release|Any CPU
		{2F2707E8-4FB8-4BED-B535-D5BB7AA3D7E8}.Debug|Any CPU.ActiveCfg = Debug|Any CPU
		{2F2707E8-4FB8-4BED-B535-D5BB7AA3D7E8}.Debug|Any CPU.Build.0 = Debug|Any CPU
		{2F2707E8-4FB8-4BED-B535-D5BB7AA3D7E8}.Release|Any CPU.ActiveCfg = Release|Any CPU
		{2F2707E8-4FB8-4BED-B535-D5BB7AA3D7E8}.Release|Any CPU.Build.0 = Release|Any CPU
		{8F4B9CB6-DC93-4B1E-A421-59B5CEC1982E}.Debug|Any CPU.ActiveCfg = Debug|Any CPU
		{8F4B9CB6-DC93-4B1E-A421-59B5CEC1982E}.Debug|Any CPU.Build.0 = Debug|Any CPU
		{8F4B9CB6-DC93-4B1E-A421-59B5CEC1982E}.Release|Any CPU.ActiveCfg = Release|Any CPU
		{8F4B9CB6-DC93-4B1E-A421-59B5CEC1982E}.Release|Any CPU.Build.0 = Release|Any CPU
		{64CEDC01-DAD8-4655-9C73-634FF4BCA315}.Debug|Any CPU.ActiveCfg = Debug|Any CPU
		{64CEDC01-DAD8-4655-9C73-634FF4BCA315}.Debug|Any CPU.Build.0 = Debug|Any CPU
		{64CEDC01-DAD8-4655-9C73-634FF4BCA315}.Release|Any CPU.ActiveCfg = Release|Any CPU
		{64CEDC01-DAD8-4655-9C73-634FF4BCA315}.Release|Any CPU.Build.0 = Release|Any CPU
		{1ACEB3FA-8D17-4115-8FB3-F2B57628C67B}.Debug|Any CPU.ActiveCfg = Debug|Any CPU
		{1ACEB3FA-8D17-4115-8FB3-F2B57628C67B}.Debug|Any CPU.Build.0 = Debug|Any CPU
		{1ACEB3FA-8D17-4115-8FB3-F2B57628C67B}.Release|Any CPU.ActiveCfg = Release|Any CPU
		{1ACEB3FA-8D17-4115-8FB3-F2B57628C67B}.Release|Any CPU.Build.0 = Release|Any CPU
		{1253A25C-E450-462A-AA62-C31EDFDF17C8}.Debug|Any CPU.ActiveCfg = Debug|Any CPU
		{1253A25C-E450-462A-AA62-C31EDFDF17C8}.Debug|Any CPU.Build.0 = Debug|Any CPU
		{1253A25C-E450-462A-AA62-C31EDFDF17C8}.Release|Any CPU.ActiveCfg = Release|Any CPU
		{1253A25C-E450-462A-AA62-C31EDFDF17C8}.Release|Any CPU.Build.0 = Release|Any CPU
		{B1078D9E-9229-4B85-8395-728338AC4F15}.Debug|Any CPU.ActiveCfg = Debug|Any CPU
		{B1078D9E-9229-4B85-8395-728338AC4F15}.Debug|Any CPU.Build.0 = Debug|Any CPU
		{B1078D9E-9229-4B85-8395-728338AC4F15}.Release|Any CPU.ActiveCfg = Release|Any CPU
		{B1078D9E-9229-4B85-8395-728338AC4F15}.Release|Any CPU.Build.0 = Release|Any CPU
		{6B932D9E-EB9B-4715-AC47-F58C19CA9A28}.Debug|Any CPU.ActiveCfg = Debug|Any CPU
		{6B932D9E-EB9B-4715-AC47-F58C19CA9A28}.Debug|Any CPU.Build.0 = Debug|Any CPU
		{6B932D9E-EB9B-4715-AC47-F58C19CA9A28}.Release|Any CPU.ActiveCfg = Release|Any CPU
		{6B932D9E-EB9B-4715-AC47-F58C19CA9A28}.Release|Any CPU.Build.0 = Release|Any CPU
		{D1101BB7-FC91-4560-B776-154D6393BC51}.Debug|Any CPU.ActiveCfg = Debug|Any CPU
		{D1101BB7-FC91-4560-B776-154D6393BC51}.Debug|Any CPU.Build.0 = Debug|Any CPU
		{D1101BB7-FC91-4560-B776-154D6393BC51}.Release|Any CPU.ActiveCfg = Release|Any CPU
		{D1101BB7-FC91-4560-B776-154D6393BC51}.Release|Any CPU.Build.0 = Release|Any CPU
		{14C4CD30-3DD5-4E34-8052-396AB94E1335}.Debug|Any CPU.ActiveCfg = Debug|Any CPU
		{14C4CD30-3DD5-4E34-8052-396AB94E1335}.Debug|Any CPU.Build.0 = Debug|Any CPU
		{14C4CD30-3DD5-4E34-8052-396AB94E1335}.Release|Any CPU.ActiveCfg = Release|Any CPU
		{14C4CD30-3DD5-4E34-8052-396AB94E1335}.Release|Any CPU.Build.0 = Release|Any CPU
		{C08C0E5D-9322-4E9F-BCEE-7AF8F3B64780}.Debug|Any CPU.ActiveCfg = Debug|Any CPU
		{C08C0E5D-9322-4E9F-BCEE-7AF8F3B64780}.Debug|Any CPU.Build.0 = Debug|Any CPU
		{C08C0E5D-9322-4E9F-BCEE-7AF8F3B64780}.Release|Any CPU.ActiveCfg = Release|Any CPU
		{C08C0E5D-9322-4E9F-BCEE-7AF8F3B64780}.Release|Any CPU.Build.0 = Release|Any CPU
		{7CAE7CDE-ED58-465A-9F98-11E0ACB534A3}.Debug|Any CPU.ActiveCfg = Debug|Any CPU
		{7CAE7CDE-ED58-465A-9F98-11E0ACB534A3}.Debug|Any CPU.Build.0 = Debug|Any CPU
		{7CAE7CDE-ED58-465A-9F98-11E0ACB534A3}.Release|Any CPU.ActiveCfg = Release|Any CPU
		{7CAE7CDE-ED58-465A-9F98-11E0ACB534A3}.Release|Any CPU.Build.0 = Release|Any CPU
		{98CDC6E3-573F-44F2-B20B-F9A3B94DD8B3}.Debug|Any CPU.ActiveCfg = Debug|Any CPU
		{98CDC6E3-573F-44F2-B20B-F9A3B94DD8B3}.Debug|Any CPU.Build.0 = Debug|Any CPU
		{98CDC6E3-573F-44F2-B20B-F9A3B94DD8B3}.Release|Any CPU.ActiveCfg = Release|Any CPU
		{98CDC6E3-573F-44F2-B20B-F9A3B94DD8B3}.Release|Any CPU.Build.0 = Release|Any CPU
		{CBDC101A-69AD-44E2-A4A8-DBC10D9F0794}.Debug|Any CPU.ActiveCfg = Debug|Any CPU
		{CBDC101A-69AD-44E2-A4A8-DBC10D9F0794}.Debug|Any CPU.Build.0 = Debug|Any CPU
		{CBDC101A-69AD-44E2-A4A8-DBC10D9F0794}.Release|Any CPU.ActiveCfg = Release|Any CPU
		{CBDC101A-69AD-44E2-A4A8-DBC10D9F0794}.Release|Any CPU.Build.0 = Release|Any CPU
		{16406DF0-5282-43AF-9E77-8E17820AE85E}.Debug|Any CPU.ActiveCfg = Debug|Any CPU
		{16406DF0-5282-43AF-9E77-8E17820AE85E}.Debug|Any CPU.Build.0 = Debug|Any CPU
		{16406DF0-5282-43AF-9E77-8E17820AE85E}.Release|Any CPU.ActiveCfg = Release|Any CPU
		{16406DF0-5282-43AF-9E77-8E17820AE85E}.Release|Any CPU.Build.0 = Release|Any CPU
		{09F0B7AA-2846-4928-BDBF-925B678C03F1}.Debug|Any CPU.ActiveCfg = Debug|Any CPU
		{09F0B7AA-2846-4928-BDBF-925B678C03F1}.Debug|Any CPU.Build.0 = Debug|Any CPU
		{09F0B7AA-2846-4928-BDBF-925B678C03F1}.Release|Any CPU.ActiveCfg = Release|Any CPU
		{09F0B7AA-2846-4928-BDBF-925B678C03F1}.Release|Any CPU.Build.0 = Release|Any CPU
		{695B92F2-445E-42A4-8223-DEA45AE89E73}.Debug|Any CPU.ActiveCfg = Debug|Any CPU
		{695B92F2-445E-42A4-8223-DEA45AE89E73}.Debug|Any CPU.Build.0 = Debug|Any CPU
		{695B92F2-445E-42A4-8223-DEA45AE89E73}.Release|Any CPU.ActiveCfg = Release|Any CPU
		{695B92F2-445E-42A4-8223-DEA45AE89E73}.Release|Any CPU.Build.0 = Release|Any CPU
		{0C84D232-B423-48EC-8D5E-B471F313058D}.Debug|Any CPU.ActiveCfg = Debug|Any CPU
		{0C84D232-B423-48EC-8D5E-B471F313058D}.Debug|Any CPU.Build.0 = Debug|Any CPU
		{0C84D232-B423-48EC-8D5E-B471F313058D}.Release|Any CPU.ActiveCfg = Release|Any CPU
		{0C84D232-B423-48EC-8D5E-B471F313058D}.Release|Any CPU.Build.0 = Release|Any CPU
		{C3607CAD-2A82-48B2-AD66-E627C073235E}.Debug|Any CPU.ActiveCfg = Debug|Any CPU
		{C3607CAD-2A82-48B2-AD66-E627C073235E}.Debug|Any CPU.Build.0 = Debug|Any CPU
		{C3607CAD-2A82-48B2-AD66-E627C073235E}.Release|Any CPU.ActiveCfg = Release|Any CPU
		{C3607CAD-2A82-48B2-AD66-E627C073235E}.Release|Any CPU.Build.0 = Release|Any CPU
		{481C1CAF-E6E0-4A3D-BE25-319939C77039}.Debug|Any CPU.ActiveCfg = Debug|Any CPU
		{481C1CAF-E6E0-4A3D-BE25-319939C77039}.Debug|Any CPU.Build.0 = Debug|Any CPU
		{481C1CAF-E6E0-4A3D-BE25-319939C77039}.Release|Any CPU.ActiveCfg = Release|Any CPU
		{481C1CAF-E6E0-4A3D-BE25-319939C77039}.Release|Any CPU.Build.0 = Release|Any CPU
		{98A7A075-FBDE-484A-B86B-CC8AC530D6DE}.Debug|Any CPU.ActiveCfg = Debug|Any CPU
		{98A7A075-FBDE-484A-B86B-CC8AC530D6DE}.Debug|Any CPU.Build.0 = Debug|Any CPU
		{98A7A075-FBDE-484A-B86B-CC8AC530D6DE}.Release|Any CPU.ActiveCfg = Release|Any CPU
		{98A7A075-FBDE-484A-B86B-CC8AC530D6DE}.Release|Any CPU.Build.0 = Release|Any CPU
		{97BDC701-CA6C-4FF9-9279-1C44FBAD9B29}.Debug|Any CPU.ActiveCfg = Debug|Any CPU
		{97BDC701-CA6C-4FF9-9279-1C44FBAD9B29}.Debug|Any CPU.Build.0 = Debug|Any CPU
		{97BDC701-CA6C-4FF9-9279-1C44FBAD9B29}.Release|Any CPU.ActiveCfg = Release|Any CPU
		{97BDC701-CA6C-4FF9-9279-1C44FBAD9B29}.Release|Any CPU.Build.0 = Release|Any CPU
		{C50F3DE3-2675-43E8-8606-7E3199B96DEF}.Debug|Any CPU.ActiveCfg = Debug|Any CPU
		{C50F3DE3-2675-43E8-8606-7E3199B96DEF}.Debug|Any CPU.Build.0 = Debug|Any CPU
		{C50F3DE3-2675-43E8-8606-7E3199B96DEF}.Release|Any CPU.ActiveCfg = Release|Any CPU
		{C50F3DE3-2675-43E8-8606-7E3199B96DEF}.Release|Any CPU.Build.0 = Release|Any CPU
		{B561FE70-B939-42E2-8449-40FAF22B7EAC}.Debug|Any CPU.ActiveCfg = Debug|Any CPU
		{B561FE70-B939-42E2-8449-40FAF22B7EAC}.Debug|Any CPU.Build.0 = Debug|Any CPU
		{B561FE70-B939-42E2-8449-40FAF22B7EAC}.Release|Any CPU.ActiveCfg = Release|Any CPU
		{B561FE70-B939-42E2-8449-40FAF22B7EAC}.Release|Any CPU.Build.0 = Release|Any CPU
		{67177C87-95AD-4FFC-B767-6D91524298C0}.Debug|Any CPU.ActiveCfg = Debug|Any CPU
		{67177C87-95AD-4FFC-B767-6D91524298C0}.Debug|Any CPU.Build.0 = Debug|Any CPU
		{67177C87-95AD-4FFC-B767-6D91524298C0}.Release|Any CPU.ActiveCfg = Release|Any CPU
		{67177C87-95AD-4FFC-B767-6D91524298C0}.Release|Any CPU.Build.0 = Release|Any CPU
		{B09432C6-A631-4A50-9870-70847D07DDEF}.Debug|Any CPU.ActiveCfg = Debug|Any CPU
		{B09432C6-A631-4A50-9870-70847D07DDEF}.Debug|Any CPU.Build.0 = Debug|Any CPU
		{B09432C6-A631-4A50-9870-70847D07DDEF}.Release|Any CPU.ActiveCfg = Release|Any CPU
		{B09432C6-A631-4A50-9870-70847D07DDEF}.Release|Any CPU.Build.0 = Release|Any CPU
		{DFF560CF-EDCD-48DE-AC22-3BFAAC03171D}.Debug|Any CPU.ActiveCfg = Debug|Any CPU
		{DFF560CF-EDCD-48DE-AC22-3BFAAC03171D}.Debug|Any CPU.Build.0 = Debug|Any CPU
		{DFF560CF-EDCD-48DE-AC22-3BFAAC03171D}.Release|Any CPU.ActiveCfg = Release|Any CPU
		{DFF560CF-EDCD-48DE-AC22-3BFAAC03171D}.Release|Any CPU.Build.0 = Release|Any CPU
		{C4642D42-1FF9-4432-A5FD-C6C7E90F41A1}.Debug|Any CPU.ActiveCfg = Debug|Any CPU
		{C4642D42-1FF9-4432-A5FD-C6C7E90F41A1}.Debug|Any CPU.Build.0 = Debug|Any CPU
		{C4642D42-1FF9-4432-A5FD-C6C7E90F41A1}.Release|Any CPU.ActiveCfg = Release|Any CPU
		{C4642D42-1FF9-4432-A5FD-C6C7E90F41A1}.Release|Any CPU.Build.0 = Release|Any CPU
		{2F1DC66B-CC97-42A4-BC0F-6DAE1CC9F234}.Debug|Any CPU.ActiveCfg = Debug|Any CPU
		{2F1DC66B-CC97-42A4-BC0F-6DAE1CC9F234}.Debug|Any CPU.Build.0 = Debug|Any CPU
		{2F1DC66B-CC97-42A4-BC0F-6DAE1CC9F234}.Release|Any CPU.ActiveCfg = Release|Any CPU
		{2F1DC66B-CC97-42A4-BC0F-6DAE1CC9F234}.Release|Any CPU.Build.0 = Release|Any CPU
		{26077C41-81F7-4671-8DCA-3D73ED9D2497}.Debug|Any CPU.ActiveCfg = Debug|Any CPU
		{26077C41-81F7-4671-8DCA-3D73ED9D2497}.Debug|Any CPU.Build.0 = Debug|Any CPU
		{26077C41-81F7-4671-8DCA-3D73ED9D2497}.Release|Any CPU.ActiveCfg = Release|Any CPU
		{26077C41-81F7-4671-8DCA-3D73ED9D2497}.Release|Any CPU.Build.0 = Release|Any CPU
		{4376E38F-F1BB-4D1A-B922-B5BB5858A7E0}.Debug|Any CPU.ActiveCfg = Debug|Any CPU
		{4376E38F-F1BB-4D1A-B922-B5BB5858A7E0}.Debug|Any CPU.Build.0 = Debug|Any CPU
		{4376E38F-F1BB-4D1A-B922-B5BB5858A7E0}.Release|Any CPU.ActiveCfg = Release|Any CPU
		{4376E38F-F1BB-4D1A-B922-B5BB5858A7E0}.Release|Any CPU.Build.0 = Release|Any CPU
		{DBB85528-7BB0-4E5A-8439-600CE512EE36}.Debug|Any CPU.ActiveCfg = Debug|Any CPU
		{DBB85528-7BB0-4E5A-8439-600CE512EE36}.Debug|Any CPU.Build.0 = Debug|Any CPU
		{DBB85528-7BB0-4E5A-8439-600CE512EE36}.Release|Any CPU.ActiveCfg = Release|Any CPU
		{DBB85528-7BB0-4E5A-8439-600CE512EE36}.Release|Any CPU.Build.0 = Release|Any CPU
		{DA14466A-A0E4-4A2D-92A6-3FF88806C375}.Debug|Any CPU.ActiveCfg = Debug|Any CPU
		{DA14466A-A0E4-4A2D-92A6-3FF88806C375}.Debug|Any CPU.Build.0 = Debug|Any CPU
		{DA14466A-A0E4-4A2D-92A6-3FF88806C375}.Release|Any CPU.ActiveCfg = Release|Any CPU
		{DA14466A-A0E4-4A2D-92A6-3FF88806C375}.Release|Any CPU.Build.0 = Release|Any CPU
		{AEDB33F7-3D9B-4E0F-8667-E5FB5F9B7115}.Debug|Any CPU.ActiveCfg = Debug|Any CPU
		{AEDB33F7-3D9B-4E0F-8667-E5FB5F9B7115}.Debug|Any CPU.Build.0 = Debug|Any CPU
		{AEDB33F7-3D9B-4E0F-8667-E5FB5F9B7115}.Release|Any CPU.ActiveCfg = Release|Any CPU
		{AEDB33F7-3D9B-4E0F-8667-E5FB5F9B7115}.Release|Any CPU.Build.0 = Release|Any CPU
		{989CBAF2-A43A-4A38-82A3-6E0EB91066AF}.Debug|Any CPU.ActiveCfg = Debug|Any CPU
		{989CBAF2-A43A-4A38-82A3-6E0EB91066AF}.Debug|Any CPU.Build.0 = Debug|Any CPU
		{989CBAF2-A43A-4A38-82A3-6E0EB91066AF}.Release|Any CPU.ActiveCfg = Release|Any CPU
		{989CBAF2-A43A-4A38-82A3-6E0EB91066AF}.Release|Any CPU.Build.0 = Release|Any CPU
		{16FEB4F7-63A9-49F5-9D2A-3A0C3DE194FD}.Debug|Any CPU.ActiveCfg = Debug|Any CPU
		{16FEB4F7-63A9-49F5-9D2A-3A0C3DE194FD}.Debug|Any CPU.Build.0 = Debug|Any CPU
		{16FEB4F7-63A9-49F5-9D2A-3A0C3DE194FD}.Release|Any CPU.ActiveCfg = Release|Any CPU
		{16FEB4F7-63A9-49F5-9D2A-3A0C3DE194FD}.Release|Any CPU.Build.0 = Release|Any CPU
		{7ED4E62A-786E-49C7-B171-F2F8CC477588}.Debug|Any CPU.ActiveCfg = Debug|Any CPU
		{7ED4E62A-786E-49C7-B171-F2F8CC477588}.Debug|Any CPU.Build.0 = Debug|Any CPU
		{7ED4E62A-786E-49C7-B171-F2F8CC477588}.Release|Any CPU.ActiveCfg = Release|Any CPU
		{7ED4E62A-786E-49C7-B171-F2F8CC477588}.Release|Any CPU.Build.0 = Release|Any CPU
		{D343B592-2667-4007-9085-6C05D6FEBD6F}.Debug|Any CPU.ActiveCfg = Debug|Any CPU
		{D343B592-2667-4007-9085-6C05D6FEBD6F}.Debug|Any CPU.Build.0 = Debug|Any CPU
		{D343B592-2667-4007-9085-6C05D6FEBD6F}.Release|Any CPU.ActiveCfg = Release|Any CPU
		{D343B592-2667-4007-9085-6C05D6FEBD6F}.Release|Any CPU.Build.0 = Release|Any CPU
		{05412233-C725-46C5-8E99-AB3C510DBFE7}.Debug|Any CPU.ActiveCfg = Debug|Any CPU
		{05412233-C725-46C5-8E99-AB3C510DBFE7}.Debug|Any CPU.Build.0 = Debug|Any CPU
		{05412233-C725-46C5-8E99-AB3C510DBFE7}.Release|Any CPU.ActiveCfg = Release|Any CPU
		{05412233-C725-46C5-8E99-AB3C510DBFE7}.Release|Any CPU.Build.0 = Release|Any CPU
		{734B3F00-6C93-4A2E-B336-1C18A1928CFF}.Debug|Any CPU.ActiveCfg = Debug|Any CPU
		{734B3F00-6C93-4A2E-B336-1C18A1928CFF}.Debug|Any CPU.Build.0 = Debug|Any CPU
		{734B3F00-6C93-4A2E-B336-1C18A1928CFF}.Release|Any CPU.ActiveCfg = Release|Any CPU
		{734B3F00-6C93-4A2E-B336-1C18A1928CFF}.Release|Any CPU.Build.0 = Release|Any CPU
		{149A2DFB-F093-4567-8102-85AD76214749}.Debug|Any CPU.ActiveCfg = Debug|Any CPU
		{149A2DFB-F093-4567-8102-85AD76214749}.Debug|Any CPU.Build.0 = Debug|Any CPU
		{149A2DFB-F093-4567-8102-85AD76214749}.Release|Any CPU.ActiveCfg = Release|Any CPU
		{149A2DFB-F093-4567-8102-85AD76214749}.Release|Any CPU.Build.0 = Release|Any CPU
		{C67BD561-8653-49B4-BA3A-3D9D47652E85}.Debug|Any CPU.ActiveCfg = Debug|Any CPU
		{C67BD561-8653-49B4-BA3A-3D9D47652E85}.Debug|Any CPU.Build.0 = Debug|Any CPU
		{C67BD561-8653-49B4-BA3A-3D9D47652E85}.Release|Any CPU.ActiveCfg = Release|Any CPU
		{C67BD561-8653-49B4-BA3A-3D9D47652E85}.Release|Any CPU.Build.0 = Release|Any CPU
	EndGlobalSection
	GlobalSection(SolutionProperties) = preSolution
		HideSolutionNode = FALSE
	EndGlobalSection
	GlobalSection(ExtensibilityGlobals) = postSolution
		SolutionGuid = {7F108848-6301-44CC-8A03-86EE0BF2A532}
	EndGlobalSection
EndGlobal
